github.com/MarkRosemaker/errpath v0.0.0-20241223110529-3530cd011135 h1:Nl01q9JfiXLRfb8C2YIJZXSxpuiLxHEfvjrQz6Ex75Q=
github.com/MarkRosemaker/errpath v0.0.0-20241223110529-3530cd011135/go.mod h1:VnXpUlsS3n1gSToedcQl2FCARGoA16CyitbCanUIv+I=
github.com/MarkRosemaker/jsonutil v0.0.0-20241223110547-86001e867c3d h1:KtIqdxYHjES4xQ3VL37B8MDdzB7a2J77FuHag9FAHx8=
github.com/MarkRosemaker/jsonutil v0.0.0-20241223110547-86001e867c3d/go.mod h1:Is5X1l+cMB/VfhN3CwoHLpqQiO5JPqozGAPMJ4P+oYY=
github.com/MarkRosemaker/ordmap v0.0.0-20241230155114-fcaca343298a h1:YzVzPssqpVaKOWiGZy4yu2ou/v9juOyE+U6ECvwvB/s=
github.com/MarkRosemaker/ordmap v0.0.0-20241230155114-fcaca343298a/go.mod h1:UETr5+NbJrLoh+vSdSGwKnQks8EjTYNgvfNEv5jjVj4=
github.com/go-api-libs/types v0.0.0-20241018234418-7b7d63d674a1 h1:OxkuiFLdBXzlPp4/X++QM1KFCSr1WqitVhaJBfNLhso=
github.com/go-api-libs/types v0.0.0-20241018234418-7b7d63d674a1/go.mod h1:063p7ZQdS0JBGdTTqC6lvtVGWXx4IRsOFm+Ucm27HmE=
github.com/go-json-experiment/json v0.0.0-20241228065829-3e670832f349 h1:TcKFl0JuLr+dYE/9/SC75xz5QJBQONb2VzruJlO/5s4=
github.com/go-json-experiment/json v0.0.0-20241228065829-3e670832f349/go.mod h1:BWmvoE1Xia34f3l/ibJweyhrT+aROb/FQ6d+37F0e2s=
golang.org/x/exp v0.0.0-20241217172543-b2144cdd0a67 h1:1UoZQm6f0P/ZO0w1Ri+f+ifG/gXhegadRdwBIXEFWDo=
golang.org/x/exp v0.0.0-20241217172543-b2144cdd0a67/go.mod h1:qj5a5QZpwLU2NLQudwIN5koi3beDhSAlJwa67PuM98c=
gopkg.in/check.v1 v0.0.0-20161208181325-20d25e280405 h1:yhCVgyC4o1eVCa2tZl7eS0r+SDo693bJlVdllGtEeKM=
gopkg.in/check.v1 v0.0.0-20161208181325-20d25e280405/go.mod h1:Co6ibVJAznAaIkqp8huTwlJQCZ016jof/cbN4VW5Yz0=
gopkg.in/yaml.v3 v3.0.1 h1:fxVm/GzAzEWqLHuvctI91KS9hhNmmWOoWu0XTYJS7CA=
gopkg.in/yaml.v3 v3.0.1/go.mod h1:K4uyk7z7BCEPqu6E+C64Yfv1cQ7kz7rIZviUmN+EgEM=
